<?xml version="1.0" encoding="utf-8"?>
<Project ToolsVersion="4.0" xmlns="http://schemas.microsoft.com/developer/msbuild/2003">
  <ItemGroup>
    <Filter Include="소스 파일">
      <UniqueIdentifier>{4FC737F1-C7A5-4376-A066-2A32D752A2FF}</UniqueIdentifier>
      <Extensions>cpp;c;cc;cxx;def;odl;idl;hpj;bat;asm;asmx</Extensions>
    </Filter>
    <Filter Include="헤더 파일">
      <UniqueIdentifier>{93995380-89BD-4b04-88EB-625FBE52EBFB}</UniqueIdentifier>
      <Extensions>h;hh;hpp;hxx;hm;inl;inc;ipp;xsd</Extensions>
    </Filter>
    <Filter Include="리소스 파일">
      <UniqueIdentifier>{67DA6AB6-F800-4c08-8B7A-83BB121AAD01}</UniqueIdentifier>
      <Extensions>rc;ico;cur;bmp;dlg;rc2;rct;bin;rgs;gif;jpg;jpeg;jpe;resx;tiff;tif;png;wav;mfcribbon-ms</Extensions>
    </Filter>
    <Filter Include="Core">
      <UniqueIdentifier>{319568ce-a7e4-4f02-ac48-26362667940c}</UniqueIdentifier>
    </Filter>
    <Filter Include="Scene">
      <UniqueIdentifier>{7434bd1e-21aa-4040-a9c7-4f257b13af4e}</UniqueIdentifier>
    </Filter>
    <Filter Include="Core\Timer">
      <UniqueIdentifier>{62c117e5-7d10-497e-8f88-5aa10338be3a}</UniqueIdentifier>
    </Filter>
    <Filter Include="Scene\Layer">
      <UniqueIdentifier>{2fca4e2b-4af1-44f9-9798-2e575015eb3c}</UniqueIdentifier>
    </Filter>
    <Filter Include="Obj">
      <UniqueIdentifier>{502e17bd-ddbe-474f-bd77-710c8b97ea52}</UniqueIdentifier>
    </Filter>
    <Filter Include="Obj\MoveObj">
      <UniqueIdentifier>{703da93e-b129-482b-9ea5-26843d966536}</UniqueIdentifier>
    </Filter>
    <Filter Include="Obj\StaticObj">
      <UniqueIdentifier>{d9123a75-cf38-45dc-93f4-42bc6b52c66b}</UniqueIdentifier>
    </Filter>
    <Filter Include="Obj\MoveObj\Player">
      <UniqueIdentifier>{3f7cf94b-e328-4bee-afa6-fc4c46a924f1}</UniqueIdentifier>
    </Filter>
    <Filter Include="Obj\MoveObj\Monster">
      <UniqueIdentifier>{d2c78d0d-1baa-4302-a221-e086870d0b82}</UniqueIdentifier>
    </Filter>
    <Filter Include="Obj\MoveObj\Bullet">
      <UniqueIdentifier>{054e0c55-b2f3-4545-bea6-d545e93413eb}</UniqueIdentifier>
    </Filter>
  </ItemGroup>
  <ItemGroup>
    <ClCompile Include="main.cpp">
      <Filter>소스 파일</Filter>
    </ClCompile>
    <ClCompile Include="Scene\SceneManager.cpp">
      <Filter>Scene</Filter>
    </ClCompile>
    <ClCompile Include="Scene\Scene.cpp">
      <Filter>Scene</Filter>
    </ClCompile>
    <ClCompile Include="Scene\InGameScene.cpp">
      <Filter>Scene</Filter>
    </ClCompile>
    <ClCompile Include="Core\Timer.cpp">
      <Filter>Core\Timer</Filter>
    </ClCompile>
    <ClCompile Include="Scene\Layer.cpp">
      <Filter>Scene\Layer</Filter>
    </ClCompile>
    <ClCompile Include="Obj\Obj.cpp">
      <Filter>Obj</Filter>
    </ClCompile>
    <ClCompile Include="Core\Ref.cpp">
      <Filter>Core</Filter>
    </ClCompile>
    <ClCompile Include="Obj\MoveObj.cpp">
      <Filter>Obj\MoveObj</Filter>
    </ClCompile>
    <ClCompile Include="Obj\StaticObj.cpp">
      <Filter>Obj\StaticObj</Filter>
    </ClCompile>
    <ClCompile Include="Obj\Player.cpp">
      <Filter>Obj\MoveObj\Player</Filter>
    </ClCompile>
    <ClCompile Include="Obj\Minion.cpp">
      <Filter>Obj\MoveObj\Monster</Filter>
    </ClCompile>
    <ClCompile Include="Core\Core.cpp">
      <Filter>Core</Filter>
    </ClCompile>
    <ClCompile Include="Obj\Bullet.cpp">
      <Filter>Obj\MoveObj\Bullet</Filter>
    </ClCompile>
  </ItemGroup>
  <ItemGroup>
    <ClInclude Include="Game.h">
      <Filter>헤더 파일</Filter>
    </ClInclude>
    <ClInclude Include="Macro.h">
      <Filter>헤더 파일</Filter>
    </ClInclude>
    <ClInclude Include="resource.h">
      <Filter>헤더 파일</Filter>
    </ClInclude>
    <ClInclude Include="Types.h">
      <Filter>헤더 파일</Filter>
    </ClInclude>
    <ClInclude Include="Scene\SceneManager.h">
      <Filter>Scene</Filter>
    </ClInclude>
    <ClInclude Include="Scene\Scene.h">
      <Filter>Scene</Filter>
    </ClInclude>
    <ClInclude Include="Scene\InGameScene.h">
      <Filter>Scene</Filter>
    </ClInclude>
    <ClInclude Include="Flag.h">
      <Filter>헤더 파일</Filter>
    </ClInclude>
    <ClInclude Include="Core\Timer.h">
      <Filter>Core\Timer</Filter>
    </ClInclude>
    <ClInclude Include="Scene\Layer.h">
      <Filter>Scene\Layer</Filter>
    </ClInclude>
    <ClInclude Include="Obj\Obj.h">
      <Filter>Obj</Filter>
    </ClInclude>
    <ClInclude Include="Core\Ref.h">
      <Filter>Core</Filter>
    </ClInclude>
    <ClInclude Include="Obj\MoveObj.h">
      <Filter>Obj\MoveObj</Filter>
    </ClInclude>
    <ClInclude Include="Obj\StaticObj.h">
      <Filter>Obj\StaticObj</Filter>
    </ClInclude>
    <ClInclude Include="Obj\Player.h">
      <Filter>Obj\MoveObj\Player</Filter>
    </ClInclude>
    <ClInclude Include="Obj\Minion.h">
      <Filter>Obj\MoveObj\Monster</Filter>
    </ClInclude>
    <ClInclude Include="Core\Core.h">
      <Filter>Core</Filter>
    </ClInclude>
    <ClInclude Include="Obj\Bullet.h">
      <Filter>Obj\MoveObj\Bullet</Filter>
    </ClInclude>
  </ItemGroup>
  <ItemGroup>
    <ResourceCompile Include="GameClientFramework.rc">
      <Filter>리소스 파일</Filter>
    </ResourceCompile>
  </ItemGroup>
  <ItemGroup>
    <Image Include="icon1.ico">
      <Filter>리소스 파일</Filter>
    </Image>
  </ItemGroup>
  <ItemGroup>
    <None Include="cpp.hint" />
  </ItemGroup>
</Project>